// !$*UTF8*$!
{
	archiveVersion = 1;
	classes = {
	};
	objectVersion = 48;
	objects = {

/* Begin PBXBuildFile section */
		055F1B061FA6CA5000425485 /* AppDelegate.m in Sources */ = {isa = PBXBuildFile; fileRef = 055F1B051FA6CA5000425485 /* AppDelegate.m */; };
		055F1B091FA6CA5100425485 /* ViewController.m in Sources */ = {isa = PBXBuildFile; fileRef = 055F1B081FA6CA5100425485 /* ViewController.m */; };
		055F1B0C1FA6CA5100425485 /* Main.storyboard in Resources */ = {isa = PBXBuildFile; fileRef = 055F1B0A1FA6CA5100425485 /* Main.storyboard */; };
		055F1B0E1FA6CA5100425485 /* Assets.xcassets in Resources */ = {isa = PBXBuildFile; fileRef = 055F1B0D1FA6CA5100425485 /* Assets.xcassets */; };
		055F1B111FA6CA5100425485 /* LaunchScreen.storyboard in Resources */ = {isa = PBXBuildFile; fileRef = 055F1B0F1FA6CA5100425485 /* LaunchScreen.storyboard */; };
		055F1B141FA6CA5100425485 /* main.m in Sources */ = {isa = PBXBuildFile; fileRef = 055F1B131FA6CA5100425485 /* main.m */; };
		055F1B1E1FA6CA5200425485 /* xmybuttonTests.m in Sources */ = {isa = PBXBuildFile; fileRef = 055F1B1D1FA6CA5200425485 /* xmybuttonTests.m */; };
		055F1B291FA6CA5200425485 /* xmybuttonUITests.m in Sources */ = {isa = PBXBuildFile; fileRef = 055F1B281FA6CA5200425485 /* xmybuttonUITests.m */; };
		055F1B381FA6CA6800425485 /* xmybutton.m in Sources */ = {isa = PBXBuildFile; fileRef = 055F1B371FA6CA6800425485 /* xmybutton.m */; };
/* End PBXBuildFile section */

/* Begin PBXContainerItemProxy section */
		055F1B1A1FA6CA5200425485 /* PBXContainerItemProxy */ = {
			isa = PBXContainerItemProxy;
			containerPortal = 055F1AF91FA6CA5000425485 /* Project object */;
			proxyType = 1;
			remoteGlobalIDString = 055F1B001FA6CA5000425485;
			remoteInfo = xmybutton;
		};
		055F1B251FA6CA5200425485 /* PBXContainerItemProxy */ = {
			isa = PBXContainerItemProxy;
			containerPortal = 055F1AF91FA6CA5000425485 /* Project object */;
			proxyType = 1;
			remoteGlobalIDString = 055F1B001FA6CA5000425485;
			remoteInfo = xmybutton;
		};
/* End PBXContainerItemProxy section */

/* Begin PBXFileReference section */
		055F1B011FA6CA5000425485 /* xmybutton.app */ = {isa = PBXFileReference; explicitFileType = wrapper.application; includeInIndex = 0; path = xmybutton.app; sourceTree = BUILT_PRODUCTS_DIR; };
		055F1B041FA6CA5000425485 /* AppDelegate.h */ = {isa = PBXFileReference; lastKnownFileType = sourcecode.c.h; path = AppDelegate.h; sourceTree = "<group>"; };
		055F1B051FA6CA5000425485 /* AppDelegate.m */ = {isa = PBXFileReference; lastKnownFileType = sourcecode.c.objc; path = AppDelegate.m; sourceTree = "<group>"; };
		055F1B071FA6CA5100425485 /* ViewController.h */ = {isa = PBXFileReference; lastKnownFileType = sourcecode.c.h; path = ViewController.h; sourceTree = "<group>"; };
		055F1B081FA6CA5100425485 /* ViewController.m */ = {isa = PBXFileReference; lastKnownFileType = sourcecode.c.objc; path = ViewController.m; sourceTree = "<group>"; };
		055F1B0B1FA6CA5100425485 /* Base */ = {isa = PBXFileReference; lastKnownFileType = file.storyboard; name = Base; path = Base.lproj/Main.storyboard; sourceTree = "<group>"; };
		055F1B0D1FA6CA5100425485 /* Assets.xcassets */ = {isa = PBXFileReference; lastKnownFileType = folder.assetcatalog; path = Assets.xcassets; sourceTree = "<group>"; };
		055F1B101FA6CA5100425485 /* Base */ = {isa = PBXFileReference; lastKnownFileType = file.storyboard; name = Base; path = Base.lproj/LaunchScreen.storyboard; sourceTree = "<group>"; };
		055F1B121FA6CA5100425485 /* Info.plist */ = {isa = PBXFileReference; lastKnownFileType = text.plist.xml; path = Info.plist; sourceTree = "<group>"; };
		055F1B131FA6CA5100425485 /* main.m */ = {isa = PBXFileReference; lastKnownFileType = sourcecode.c.objc; path = main.m; sourceTree = "<group>"; };
		055F1B191FA6CA5200425485 /* xmybuttonTests.xctest */ = {isa = PBXFileReference; explicitFileType = wrapper.cfbundle; includeInIndex = 0; path = xmybuttonTests.xctest; sourceTree = BUILT_PRODUCTS_DIR; };
		055F1B1D1FA6CA5200425485 /* xmybuttonTests.m */ = {isa = PBXFileReference; lastKnownFileType = sourcecode.c.objc; path = xmybuttonTests.m; sourceTree = "<group>"; };
		055F1B1F1FA6CA5200425485 /* Info.plist */ = {isa = PBXFileReference; lastKnownFileType = text.plist.xml; path = Info.plist; sourceTree = "<group>"; };
		055F1B241FA6CA5200425485 /* xmybuttonUITests.xctest */ = {isa = PBXFileReference; explicitFileType = wrapper.cfbundle; includeInIndex = 0; path = xmybuttonUITests.xctest; sourceTree = BUILT_PRODUCTS_DIR; };
		055F1B281FA6CA5200425485 /* xmybuttonUITests.m */ = {isa = PBXFileReference; lastKnownFileType = sourcecode.c.objc; path = xmybuttonUITests.m; sourceTree = "<group>"; };
		055F1B2A1FA6CA5200425485 /* Info.plist */ = {isa = PBXFileReference; lastKnownFileType = text.plist.xml; path = Info.plist; sourceTree = "<group>"; };
		055F1B361FA6CA6700425485 /* xmybutton.h */ = {isa = PBXFileReference; lastKnownFileType = sourcecode.c.h; path = xmybutton.h; sourceTree = "<group>"; };
		055F1B371FA6CA6800425485 /* xmybutton.m */ = {isa = PBXFileReference; lastKnownFileType = sourcecode.c.objc; path = xmybutton.m; sourceTree = "<group>"; };
/* End PBXFileReference section */

/* Begin PBXFrameworksBuildPhase section */
		055F1AFE1FA6CA5000425485 /* Frameworks */ = {
			isa = PBXFrameworksBuildPhase;
			buildActionMask = 2147483647;
			files = (
			);
			runOnlyForDeploymentPostprocessing = 0;
		};
		055F1B161FA6CA5200425485 /* Frameworks */ = {
			isa = PBXFrameworksBuildPhase;
			buildActionMask = 2147483647;
			files = (
			);
			runOnlyForDeploymentPostprocessing = 0;
		};
		055F1B211FA6CA5200425485 /* Frameworks */ = {
			isa = PBXFrameworksBuildPhase;
			buildActionMask = 2147483647;
			files = (
			);
			runOnlyForDeploymentPostprocessing = 0;
		};
/* End PBXFrameworksBuildPhase section */

/* Begin PBXGroup section */
		055F1AF81FA6CA5000425485 = {
			isa = PBXGroup;
			children = (
				055F1B031FA6CA5000425485 /* xmybutton */,
				055F1B1C1FA6CA5200425485 /* xmybuttonTests */,
				055F1B271FA6CA5200425485 /* xmybuttonUITests */,
				055F1B021FA6CA5000425485 /* Products */,
			);
			sourceTree = "<group>";
		};
		055F1B021FA6CA5000425485 /* Products */ = {
			isa = PBXGroup;
			children = (
				055F1B011FA6CA5000425485 /* xmybutton.app */,
				055F1B191FA6CA5200425485 /* xmybuttonTests.xctest */,
				055F1B241FA6CA5200425485 /* xmybuttonUITests.xctest */,
			);
			name = Products;
			sourceTree = "<group>";
		};
		055F1B031FA6CA5000425485 /* xmybutton */ = {
			isa = PBXGroup;
			children = (
				055F1B041FA6CA5000425485 /* AppDelegate.h */,
				055F1B051FA6CA5000425485 /* AppDelegate.m */,
				055F1B071FA6CA5100425485 /* ViewController.h */,
				055F1B361FA6CA6700425485 /* xmybutton.h */,
				055F1B371FA6CA6800425485 /* xmybutton.m */,
				055F1B081FA6CA5100425485 /* ViewController.m */,
				055F1B0A1FA6CA5100425485 /* Main.storyboard */,
				055F1B0D1FA6CA5100425485 /* Assets.xcassets */,
				055F1B0F1FA6CA5100425485 /* LaunchScreen.storyboard */,
				055F1B121FA6CA5100425485 /* Info.plist */,
				055F1B131FA6CA5100425485 /* main.m */,
			);
			path = xmybutton;
			sourceTree = "<group>";
		};
		055F1B1C1FA6CA5200425485 /* xmybuttonTests */ = {
			isa = PBXGroup;
			children = (
				055F1B1D1FA6CA5200425485 /* xmybuttonTests.m */,
				055F1B1F1FA6CA5200425485 /* Info.plist */,
			);
			path = xmybuttonTests;
			sourceTree = "<group>";
		};
		055F1B271FA6CA5200425485 /* xmybuttonUITests */ = {
			isa = PBXGroup;
			children = (
				055F1B281FA6CA5200425485 /* xmybuttonUITests.m */,
				055F1B2A1FA6CA5200425485 /* Info.plist */,
			);
			path = xmybuttonUITests;
			sourceTree = "<group>";
		};
/* End PBXGroup section */

/* Begin PBXNativeTarget section */
		055F1B001FA6CA5000425485 /* xmybutton */ = {
			isa = PBXNativeTarget;
			buildConfigurationList = 055F1B2D1FA6CA5200425485 /* Build configuration list for PBXNativeTarget "xmybutton" */;
			buildPhases = (
				055F1AFD1FA6CA5000425485 /* Sources */,
				055F1AFE1FA6CA5000425485 /* Frameworks */,
				055F1AFF1FA6CA5000425485 /* Resources */,
			);
			buildRules = (
			);
			dependencies = (
			);
			name = xmybutton;
			productName = xmybutton;
			productReference = 055F1B011FA6CA5000425485 /* xmybutton.app */;
			productType = "com.apple.product-type.application";
		};
		055F1B181FA6CA5200425485 /* xmybuttonTests */ = {
			isa = PBXNativeTarget;
			buildConfigurationList = 055F1B301FA6CA5200425485 /* Build configuration list for PBXNativeTarget "xmybuttonTests" */;
			buildPhases = (
				055F1B151FA6CA5200425485 /* Sources */,
				055F1B161FA6CA5200425485 /* Frameworks */,
				055F1B171FA6CA5200425485 /* Resources */,
			);
			buildRules = (
			);
			dependencies = (
				055F1B1B1FA6CA5200425485 /* PBXTargetDependency */,
			);
			name = xmybuttonTests;
			productName = xmybuttonTests;
			productReference = 055F1B191FA6CA5200425485 /* xmybuttonTests.xctest */;
			productType = "com.apple.product-type.bundle.unit-test";
		};
		055F1B231FA6CA5200425485 /* xmybuttonUITests */ = {
			isa = PBXNativeTarget;
			buildConfigurationList = 055F1B331FA6CA5200425485 /* Build configuration list for PBXNativeTarget "xmybuttonUITests" */;
			buildPhases = (
				055F1B201FA6CA5200425485 /* Sources */,
				055F1B211FA6CA5200425485 /* Frameworks */,
				055F1B221FA6CA5200425485 /* Resources */,
			);
			buildRules = (
			);
			dependencies = (
				055F1B261FA6CA5200425485 /* PBXTargetDependency */,
			);
			name = xmybuttonUITests;
			productName = xmybuttonUITests;
			productReference = 055F1B241FA6CA5200425485 /* xmybuttonUITests.xctest */;
			productType = "com.apple.product-type.bundle.ui-testing";
		};
/* End PBXNativeTarget section */

/* Begin PBXProject section */
		055F1AF91FA6CA5000425485 /* Project object */ = {
			isa = PBXProject;
			attributes = {
				LastUpgradeCheck = 0900;
				ORGANIZATIONNAME = xujiahui;
				TargetAttributes = {
					055F1B001FA6CA5000425485 = {
						CreatedOnToolsVersion = 9.0;
						ProvisioningStyle = Automatic;
					};
					055F1B181FA6CA5200425485 = {
						CreatedOnToolsVersion = 9.0;
						ProvisioningStyle = Automatic;
						TestTargetID = 055F1B001FA6CA5000425485;
					};
					055F1B231FA6CA5200425485 = {
						CreatedOnToolsVersion = 9.0;
						ProvisioningStyle = Automatic;
						TestTargetID = 055F1B001FA6CA5000425485;
					};
				};
			};
			buildConfigurationList = 055F1AFC1FA6CA5000425485 /* Build configuration list for PBXProject "xmybutton" */;
			compatibilityVersion = "Xcode 8.0";
			developmentRegion = en;
			hasScannedForEncodings = 0;
			knownRegions = (
				en,
				Base,
			);
			mainGroup = 055F1AF81FA6CA5000425485;
			productRefGroup = 055F1B021FA6CA5000425485 /* Products */;
			projectDirPath = "";
			projectRoot = "";
			targets = (
				055F1B001FA6CA5000425485 /* xmybutton */,
				055F1B181FA6CA5200425485 /* xmybuttonTests */,
				055F1B231FA6CA5200425485 /* xmybuttonUITests */,
			);
		};
/* End PBXProject section */

/* Begin PBXResourcesBuildPhase section */
		055F1AFF1FA6CA5000425485 /* Resources */ = {
			isa = PBXResourcesBuildPhase;
			buildActionMask = 2147483647;
			files = (
				055F1B111FA6CA5100425485 /* LaunchScreen.storyboard in Resources */,
				055F1B0E1FA6CA5100425485 /* Assets.xcassets in Resources */,
				055F1B0C1FA6CA5100425485 /* Main.storyboard in Resources */,
			);
			runOnlyForDeploymentPostprocessing = 0;
		};
		055F1B171FA6CA5200425485 /* Resources */ = {
			isa = PBXResourcesBuildPhase;
			buildActionMask = 2147483647;
			files = (
			);
			runOnlyForDeploymentPostprocessing = 0;
		};
		055F1B221FA6CA5200425485 /* Resources */ = {
			isa = PBXResourcesBuildPhase;
			buildActionMask = 2147483647;
			files = (
			);
			runOnlyForDeploymentPostprocessing = 0;
		};
/* End PBXResourcesBuildPhase section */

/* Begin PBXSourcesBuildPhase section */
		055F1AFD1FA6CA5000425485 /* Sources */ = {
			isa = PBXSourcesBuildPhase;
			buildActionMask = 2147483647;
			files = (
				055F1B091FA6CA5100425485 /* ViewController.m in Sources */,
				055F1B141FA6CA5100425485 /* main.m in Sources */,
				055F1B061FA6CA5000425485 /* AppDelegate.m in Sources */,
				055F1B381FA6CA6800425485 /* xmybutton.m in Sources */,
			);
			runOnlyForDeploymentPostprocessing = 0;
		};
		055F1B151FA6CA5200425485 /* Sources */ = {
			isa = PBXSourcesBuildPhase;
			buildActionMask = 2147483647;
			files = (
				055F1B1E1FA6CA5200425485 /* xmybuttonTests.m in Sources */,
			);
			runOnlyForDeploymentPostprocessing = 0;
		};
		055F1B201FA6CA5200425485 /* Sources */ = {
			isa = PBXSourcesBuildPhase;
			buildActionMask = 2147483647;
			files = (
				055F1B291FA6CA5200425485 /* xmybuttonUITests.m in Sources */,
			);
			runOnlyForDeploymentPostprocessing = 0;
		};
/* End PBXSourcesBuildPhase section */

/* Begin PBXTargetDependency section */
		055F1B1B1FA6CA5200425485 /* PBXTargetDependency */ = {
			isa = PBXTargetDependency;
			target = 055F1B001FA6CA5000425485 /* xmybutton */;
			targetProxy = 055F1B1A1FA6CA5200425485 /* PBXContainerItemProxy */;
		};
		055F1B261FA6CA5200425485 /* PBXTargetDependency */ = {
			isa = PBXTargetDependency;
			target = 055F1B001FA6CA5000425485 /* xmybutton */;
			targetProxy = 055F1B251FA6CA5200425485 /* PBXContainerItemProxy */;
		};
/* End PBXTargetDependency section */

/* Begin PBXVariantGroup section */
		055F1B0A1FA6CA5100425485 /* Main.storyboard */ = {
			isa = PBXVariantGroup;
			children = (
				055F1B0B1FA6CA5100425485 /* Base */,
			);
			name = Main.storyboard;
			sourceTree = "<group>";
		};
		055F1B0F1FA6CA5100425485 /* LaunchScreen.storyboard */ = {
			isa = PBXVariantGroup;
			children = (
				055F1B101FA6CA5100425485 /* Base */,
			);
			name = LaunchScreen.storyboard;
			sourceTree = "<group>";
		};
/* End PBXVariantGroup section */

/* Begin XCBuildConfiguration section */
		055F1B2B1FA6CA5200425485 /* Debug */ = {
			isa = XCBuildConfiguration;
			buildSettings = {
				ALWAYS_SEARCH_USER_PATHS = NO;
				CLANG_ANALYZER_NONNULL = YES;
				CLANG_ANALYZER_NUMBER_OBJECT_CONVERSION = YES_AGGRESSIVE;
				CLANG_CXX_LANGUAGE_STANDARD = "gnu++14";
				CLANG_CXX_LIBRARY = "libc++";
				CLANG_ENABLE_MODULES = YES;
				CLANG_ENABLE_OBJC_ARC = YES;
				CLANG_WARN_BLOCK_CAPTURE_AUTORELEASING = YES;
				CLANG_WARN_BOOL_CONVERSION = YES;
				CLANG_WARN_COMMA = YES;
				CLANG_WARN_CONSTANT_CONVERSION = YES;
				CLANG_WARN_DIRECT_OBJC_ISA_USAGE = YES_ERROR;
				CLANG_WARN_DOCUMENTATION_COMMENTS = YES;
				CLANG_WARN_EMPTY_BODY = YES;
				CLANG_WARN_ENUM_CONVERSION = YES;
				CLANG_WARN_INFINITE_RECURSION = YES;
				CLANG_WARN_INT_CONVERSION = YES;
				CLANG_WARN_NON_LITERAL_NULL_CONVERSION = YES;
				CLANG_WARN_OBJC_LITERAL_CONVERSION = YES;
				CLANG_WARN_OBJC_ROOT_CLASS = YES_ERROR;
				CLANG_WARN_RANGE_LOOP_ANALYSIS = YES;
				CLANG_WARN_STRICT_PROTOTYPES = YES;
				CLANG_WARN_SUSPICIOUS_MOVE = YES;
				CLANG_WARN_UNGUARDED_AVAILABILITY = YES_AGGRESSIVE;
				CLANG_WARN_UNREACHABLE_CODE = YES;
				CLANG_WARN__DUPLICATE_METHOD_MATCH = YES;
				CODE_SIGN_IDENTITY = "iPhone Developer";
				COPY_PHASE_STRIP = NO;
				DEBUG_INFORMATION_FORMAT = dwarf;
				ENABLE_STRICT_OBJC_MSGSEND = YES;
				ENABLE_TESTABILITY = YES;
				GCC_C_LANGUAGE_STANDARD = gnu11;
				GCC_DYNAMIC_NO_PIC = NO;
				GCC_NO_COMMON_BLOCKS = YES;
				GCC_OPTIMIZATION_LEVEL = 0;
				GCC_PREPROCESSOR_DEFINITIONS = (
					"DEBUG=1",
					"$(inherited)",
				);
				GCC_WARN_64_TO_32_BIT_CONVERSION = YES;
				GCC_WARN_ABOUT_RETURN_TYPE = YES_ERROR;
				GCC_WARN_UNDECLARED_SELECTOR = YES;
				GCC_WARN_UNINITIALIZED_AUTOS = YES_AGGRESSIVE;
				GCC_WARN_UNUSED_FUNCTION = YES;
				GCC_WARN_UNUSED_VARIABLE = YES;
				IPHONEOS_DEPLOYMENT_TARGET = 11.0;
				MTL_ENABLE_DEBUG_INFO = YES;
				ONLY_ACTIVE_ARCH = YES;
				SDKROOT = iphoneos;
			};
			name = Debug;
		};
		055F1B2C1FA6CA5200425485 /* Release */ = {
			isa = XCBuildConfiguration;
			buildSettings = {
				ALWAYS_SEARCH_USER_PATHS = NO;
				CLANG_ANALYZER_NONNULL = YES;
				CLANG_ANALYZER_NUMBER_OBJECT_CONVERSION = YES_AGGRESSIVE;
				CLANG_CXX_LANGUAGE_STANDARD = "gnu++14";
				CLANG_CXX_LIBRARY = "libc++";
				CLANG_ENABLE_MODULES = YES;
				CLANG_ENABLE_OBJC_ARC = YES;
				CLANG_WARN_BLOCK_CAPTURE_AUTORELEASING = YES;
				CLANG_WARN_BOOL_CONVERSION = YES;
				CLANG_WARN_COMMA = YES;
				CLANG_WARN_CONSTANT_CONVERSION = YES;
				CLANG_WARN_DIRECT_OBJC_ISA_USAGE = YES_ERROR;
				CLANG_WARN_DOCUMENTATION_COMMENTS = YES;
				CLANG_WARN_EMPTY_BODY = YES;
				CLANG_WARN_ENUM_CONVERSION = YES;
				CLANG_WARN_INFINITE_RECURSION = YES;
				CLANG_WARN_INT_CONVERSION = YES;
				CLANG_WARN_NON_LITERAL_NULL_CONVERSION = YES;
				CLANG_WARN_OBJC_LITERAL_CONVERSION = YES;
				CLANG_WARN_OBJC_ROOT_CLASS = YES_ERROR;
				CLANG_WARN_RANGE_LOOP_ANALYSIS = YES;
				CLANG_WARN_STRICT_PROTOTYPES = YES;
				CLANG_WARN_SUSPICIOUS_MOVE = YES;
				CLANG_WARN_UNGUARDED_AVAILABILITY = YES_AGGRESSIVE;
				CLANG_WARN_UNREACHABLE_CODE = YES;
				CLANG_WARN__DUPLICATE_METHOD_MATCH = YES;
				CODE_SIGN_IDENTITY = "iPhone Developer";
				COPY_PHASE_STRIP = NO;
				DEBUG_INFORMATION_FORMAT = "dwarf-with-dsym";
				ENABLE_NS_ASSERTIONS = NO;
				ENABLE_STRICT_OBJC_MSGSEND = YES;
				GCC_C_LANGUAGE_STANDARD = gnu11;
				GCC_NO_COMMON_BLOCKS = YES;
				GCC_WARN_64_TO_32_BIT_CONVERSION = YES;
				GCC_WARN_ABOUT_RETURN_TYPE = YES_ERROR;
				GCC_WARN_UNDECLARED_SELECTOR = YES;
				GCC_WARN_UNINITIALIZED_AUTOS = YES_AGGRESSIVE;
				GCC_WARN_UNUSED_FUNCTION = YES;
				GCC_WARN_UNUSED_VARIABLE = YES;
				IPHONEOS_DEPLOYMENT_TARGET = 11.0;
				MTL_ENABLE_DEBUG_INFO = NO;
				SDKROOT = iphoneos;
				VALIDATE_PRODUCT = YES;
			};
			name = Release;
		};
		055F1B2E1FA6CA5200425485 /* Debug */ = {
			isa = XCBuildConfiguration;
			buildSettings = {
				ASSETCATALOG_COMPILER_APPICON_NAME = AppIcon;
				CODE_SIGN_STYLE = Automatic;
				DEVELOPMENT_TEAM = 5THF8E8SHG;
				INFOPLIST_FILE = xmybutton/Info.plist;
				LD_RUNPATH_SEARCH_PATHS = "$(inherited) @executable_path/Frameworks";
				PRODUCT_BUNDLE_IDENTIFIER = com.xujiahui.xmybutton;
				PRODUCT_NAME = "$(TARGET_NAME)";
				TARGETED_DEVICE_FAMILY = "1,2";
			};
			name = Debug;
		};
		055F1B2F1FA6CA5200425485 /* Release */ = {
			isa = XCBuildConfiguration;
			buildSettings = {
				ASSETCATALOG_COMPILER_APPICON_NAME = AppIcon;
				CODE_SIGN_STYLE = Automatic;
				DEVELOPMENT_TEAM = 5THF8E8SHG;
				INFOPLIST_FILE = xmybutton/Info.plist;
				LD_RUNPATH_SEARCH_PATHS = "$(inherited) @executable_path/Frameworks";
				PRODUCT_BUNDLE_IDENTIFIER = com.xujiahui.xmybutton;
				PRODUCT_NAME = "$(TARGET_NAME)";
				TARGETED_DEVICE_FAMILY = "1,2";
			};
			name = Release;
		};
		055F1B311FA6CA5200425485 /* Debug */ = {
			isa = XCBuildConfiguration;
			buildSettings = {
				BUNDLE_LOADER = "$(TEST_HOST)";
				CODE_SIGN_STYLE = Automatic;
				DEVELOPMENT_TEAM = 5THF8E8SHG;
				INFOPLIST_FILE = xmybuttonTests/Info.plist;
				LD_RUNPATH_SEARCH_PATHS = "$(inherited) @executable_path/Frameworks @loader_path/Frameworks";
				PRODUCT_BUNDLE_IDENTIFIER = com.xujiahui.xmybuttonTests;
				PRODUCT_NAME = "$(TARGET_NAME)";
				TARGETED_DEVICE_FAMILY = "1,2";
				TEST_HOST = "$(BUILT_PRODUCTS_DIR)/xmybutton.app/xmybutton";
			};
			name = Debug;
		};
		055F1B321FA6CA5200425485 /* Release */ = {
			isa = XCBuildConfiguration;
			buildSettings = {
				BUNDLE_LOADER = "$(TEST_HOST)";
				CODE_SIGN_STYLE = Automatic;
				DEVELOPMENT_TEAM = 5THF8E8SHG;
				INFOPLIST_FILE = xmybuttonTests/Info.plist;
				LD_RUNPATH_SEARCH_PATHS = "$(inherited) @executable_path/Frameworks @loader_path/Frameworks";
				PRODUCT_BUNDLE_IDENTIFIER = com.xujiahui.xmybuttonTests;
				PRODUCT_NAME = "$(TARGET_NAME)";
				TARGETED_DEVICE_FAMILY = "1,2";
				TEST_HOST = "$(BUILT_PRODUCTS_DIR)/xmybutton.app/xmybutton";
			};
			name = Release;
		};
		055F1B341FA6CA5200425485 /* Debug */ = {
			isa = XCBuildConfiguration;
			buildSettings = {
				CODE_SIGN_STYLE = Automatic;
				DEVELOPMENT_TEAM = 5THF8E8SHG;
				INFOPLIST_FILE = xmybuttonUITests/Info.plist;
				LD_RUNPATH_SEARCH_PATHS = "$(inherited) @executable_path/Frameworks @loader_path/Frameworks";
				PRODUCT_BUNDLE_IDENTIFIER = com.xujiahui.xmybuttonUITests;
				PRODUCT_NAME = "$(TARGET_NAME)";
				TARGETED_DEVICE_FAMILY = "1,2";
				TEST_TARGET_NAME = xmybutton;
			};
			name = Debug;
		};
		055F1B351FA6CA5200425485 /* Release */ = {
			isa = XCBuildConfiguration;
			buildSettings = {
				CODE_SIGN_STYLE = Automatic;
				DEVELOPMENT_TEAM = 5THF8E8SHG;
				INFOPLIST_FILE = xmybuttonUITests/Info.plist;
				LD_RUNPATH_SEARCH_PATHS = "$(inherited) @executable_path/Frameworks @loader_path/Frameworks";
				PRODUCT_BUNDLE_IDENTIFIER = com.xujiahui.xmybuttonUITests;
				PRODUCT_NAME = "$(TARGET_NAME)";
				TARGETED_DEVICE_FAMILY = "1,2";
				TEST_TARGET_NAME = xmybutton;
			};
			name = Release;
		};
/* End XCBuildConfiguration section */

/* Begin XCConfigurationList section */
		055F1AFC1FA6CA5000425485 /* Build configuration list for PBXProject "xmybutton" */ = {
			isa = XCConfigurationList;
			buildConfigurations = (
				055F1B2B1FA6CA5200425485 /* Debug */,
				055F1B2C1FA6CA5200425485 /* Release */,
			);
			defaultConfigurationIsVisible = 0;
			defaultConfigurationName = Release;
		};
		055F1B2D1FA6CA5200425485 /* Build configuration list for PBXNativeTarget "xmybutton" */ = {
			isa = XCConfigurationList;
			buildConfigurations = (
				055F1B2E1FA6CA5200425485 /* Debug */,
				055F1B2F1FA6CA5200425485 /* Release */,
			);
			defaultConfigurationIsVisible = 0;
			defaultConfigurationName = Release;
		};
		055F1B301FA6CA5200425485 /* Build configuration list for PBXNativeTarget "xmybuttonTests" */ = {
			isa = XCConfigurationList;
			buildConfigurations = (
				055F1B311FA6CA5200425485 /* Debug */,
				055F1B321FA6CA5200425485 /* Release */,
			);
			defaultConfigurationIsVisible = 0;
			defaultConfigurationName = Release;
		};
		055F1B331FA6CA5200425485 /* Build configuration list for PBXNativeTarget "xmybuttonUITests" */ = {
			isa = XCConfigurationList;
			buildConfigurations = (
				055F1B341FA6CA5200425485 /* Debug */,
				055F1B351FA6CA5200425485 /* Release */,
			);
			defaultConfigurationIsVisible = 0;
			defaultConfigurationName = Release;
		};
/* End XCConfigurationList section */
	};
	rootObject = 055F1AF91FA6CA5000425485 /* Project object */;
}
